<Solution>
  <Folder Name="/docs/">
    <File Path="README.ar.md" />
    <File Path="README.ckb.md" />
  </Folder>
  <Folder Name="/samples/" />
  <Folder Name="/Solution Items/">
    <File Path="CHANGELOG.md" />
    <File Path="LICENSE" />
    <File Path="README.md" />
  </Folder>
  <Folder Name="/src/" />
  <Folder Name="/src/Nexa.Localization.Blazor/">
    <Project Path="scr/Nexa.Localization.Blazor/Nexa.Localization.Blazor.csproj" />
  </Folder>
  <Folder Name="/src/Nexa.Localization.SourceGenerator/">
    <Project Path="scr/Nexa.Localization.SourceGenerator/Nexa.Localization.SourceGenerator.csproj" />
  </Folder>
  <Folder Name="/src/Nexa.Localization.Tools/">
    <Project Path="scr/Nexa.Localization.Tools/Nexa.Localization.Tools.csproj" Id="b5c0cacc-d797-4824-9f44-e45694be2c57" />
  </Folder>
  <Folder Name="/src/Nexa.Localization/">
    <Project Path="scr/Nexa.Localization/Nexa.Localization.csproj" />
  </Folder>
  <Folder Name="/Test/">
    <Project Path="Nexa.Localization.Tests/Nexa.Localization.SourceGenerator.Tests.csproj" />
  </Folder>
</Solution>
